# THIS IS AN AUTOGENERATED FILE. DO NOT EDIT THIS FILE DIRECTLY.
# yarn lockfile v1


await-lock@^2.2.2:
  version "2.2.2"
  resolved "https://registry.yarnpkg.com/await-lock/-/await-lock-2.2.2.tgz#a95a9b269bfd2f69d22b17a321686f551152bcef"
  integrity sha512-aDczADvlvTGajTDjcjpJMqRkOF6Qdz3YbPZm/PyW6tKPkx2hlYBzxMhEywM/tU72HrVZjgl5VCdRuMlA7pZ8Gw==
